
Microsoft Visual Studio Solution File, Format Version 12.00
# Visual Studio Version 17
VisualStudioVersion = 17.1.32407.343
MinimumVisualStudioVersion = 10.0.40219.1
Project("{FAE04EC0-301F-11D3-BF4B-00C04F79EFBC}") = "TCMethodsExercise", "TCMethodsExercise\TCMethodsExercise.csproj", "{6B558ECD-938D-42F0-A7D6-435406F3204F}"
EndProject
Global
	GlobalSection(SolutionConfigurationPlatforms) = preSolution
		Debug|Any CPU = Debug|Any CPU
		Release|Any CPU = Release|Any CPU
	EndGlobalSection
	GlobalSection(ProjectConfigurationPlatforms) = postSolution
		{6B558ECD-938D-42F0-A7D6-435406F3204F}.Debug|Any CPU.ActiveCfg = Debug|Any CPU
		{6B558ECD-938D-42F0-A7D6-435406F3204F}.Debug|Any CPU.Build.0 = Debug|Any CPU
		{6B558ECD-938D-42F0-A7D6-435406F3204F}.Release|Any CPU.ActiveCfg = Release|Any CPU
		{6B558ECD-938D-42F0-A7D6-435406F3204F}.Release|Any CPU.Build.0 = Release|Any CPU
	EndGlobalSection
	GlobalSection(SolutionProperties) = preSolution
		HideSolutionNode = FALSE
	EndGlobalSection
	GlobalSection(ExtensibilityGlobals) = postSolution
		SolutionGuid = {FD009289-D9E9-4CF0-87CF-6963396E541F}
	EndGlobalSection
EndGlobal
